dependencies:
- name: minio
  repository: https://rh-ai-kickstart.github.io/ai-architecture-charts
  version: 0.1.0
- name: pgvector
  repository: https://rh-ai-kickstart.github.io/ai-architecture-charts
  version: 0.1.0
- name: mcp-weather
  repository: https://rh-ai-kickstart.github.io/ai-architecture-charts
  version: 0.1.0
- name: llm-service
  repository: https://rh-ai-kickstart.github.io/ai-architecture-charts
  version: 0.1.0
- name: llama-stack
  repository: https://rh-ai-kickstart.github.io/ai-architecture-charts
  version: 0.2.14
- name: configure-pipeline
  repository: https://rh-ai-kickstart.github.io/ai-architecture-charts
  version: 0.1.0
- name: ingestion-pipeline
  repository: https://rh-ai-kickstart.github.io/ai-architecture-charts
  version: 0.2.14
digest: sha256:766a93f800390241591a539c67954d2e36ae177fc299e2051bde6a8647b55727
generated: "2025-07-18T11:02:37.094813-05:00"
