dependencies:
- name: pgvector
  repository: https://rh-ai-quickstart.github.io/ai-architecture-charts
  version: 0.5.0
- name: mcp-servers
  repository: https://rh-ai-quickstart.github.io/ai-architecture-charts
  version: 0.5.10
- name: llm-service
  repository: https://rh-ai-quickstart.github.io/ai-architecture-charts
  version: 0.5.3
- name: llama-stack
  repository: https://rh-ai-quickstart.github.io/ai-architecture-charts
  version: 0.5.3
- name: configure-pipeline
  repository: https://rh-ai-quickstart.github.io/ai-architecture-charts
  version: 0.5.1
- name: ingestion-pipeline
  repository: https://rh-ai-quickstart.github.io/ai-architecture-charts
  version: 0.5.1
- name: oracle-db
  repository: https://rh-ai-quickstart.github.io/ai-architecture-charts
  version: 0.5.2
digest: sha256:b5136cef346cd9ee0f96f9b4a27219c1d3177bb7f0f1d528a7d886001d6999e7
generated: "2025-11-06T22:55:00.631442318-05:00"
